
Microsoft Visual Studio Solution File, Format Version 12.00
# Visual Studio Version 17
VisualStudioVersion = 17.9.34723.18
MinimumVisualStudioVersion = 10.0.40219.1
Project("{FAE04EC0-301F-11D3-BF4B-00C04F79EFBC}") = "LadderPlugin", "UI_layout\LadderPlugin.csproj", "{35D6ADCC-3987-469D-9E84-99A826E00EE4}"
EndProject
Project("{FAE04EC0-301F-11D3-BF4B-00C04F79EFBC}") = "LadderPlugin.Model", "LadderPlugin.Model\LadderPlugin.Model.csproj", "{7128359A-30D9-4B1B-A9CA-DFB68A7F5E5D}"
EndProject
Project("{FAE04EC0-301F-11D3-BF4B-00C04F79EFBC}") = "Kompas", "Kompas\Kompas.csproj", "{C204F771-D65C-42DE-B97C-9F586AFE256A}"
EndProject
Project("{FAE04EC0-301F-11D3-BF4B-00C04F79EFBC}") = "Builder", "Builder\Builder.csproj", "{5382D150-9896-44F7-A1A7-888172365686}"
EndProject
Project("{FAE04EC0-301F-11D3-BF4B-00C04F79EFBC}") = "LadderPlugin.UnitTests", "LadderPlugin.UnitTests\LadderPlugin.UnitTests.csproj", "{3A91C401-489D-43CE-BF66-939362B16EBC}"
EndProject
Global
	GlobalSection(SolutionConfigurationPlatforms) = preSolution
		Debug|Any CPU = Debug|Any CPU
		Release|Any CPU = Release|Any CPU
	EndGlobalSection
	GlobalSection(ProjectConfigurationPlatforms) = postSolution
		{35D6ADCC-3987-469D-9E84-99A826E00EE4}.Debug|Any CPU.ActiveCfg = Debug|Any CPU
		{35D6ADCC-3987-469D-9E84-99A826E00EE4}.Debug|Any CPU.Build.0 = Debug|Any CPU
		{35D6ADCC-3987-469D-9E84-99A826E00EE4}.Release|Any CPU.ActiveCfg = Release|Any CPU
		{35D6ADCC-3987-469D-9E84-99A826E00EE4}.Release|Any CPU.Build.0 = Release|Any CPU
		{7128359A-30D9-4B1B-A9CA-DFB68A7F5E5D}.Debug|Any CPU.ActiveCfg = Debug|Any CPU
		{7128359A-30D9-4B1B-A9CA-DFB68A7F5E5D}.Debug|Any CPU.Build.0 = Debug|Any CPU
		{7128359A-30D9-4B1B-A9CA-DFB68A7F5E5D}.Release|Any CPU.ActiveCfg = Release|Any CPU
		{7128359A-30D9-4B1B-A9CA-DFB68A7F5E5D}.Release|Any CPU.Build.0 = Release|Any CPU
		{C204F771-D65C-42DE-B97C-9F586AFE256A}.Debug|Any CPU.ActiveCfg = Debug|Any CPU
		{C204F771-D65C-42DE-B97C-9F586AFE256A}.Debug|Any CPU.Build.0 = Debug|Any CPU
		{C204F771-D65C-42DE-B97C-9F586AFE256A}.Release|Any CPU.ActiveCfg = Release|Any CPU
		{C204F771-D65C-42DE-B97C-9F586AFE256A}.Release|Any CPU.Build.0 = Release|Any CPU
		{5382D150-9896-44F7-A1A7-888172365686}.Debug|Any CPU.ActiveCfg = Debug|Any CPU
		{5382D150-9896-44F7-A1A7-888172365686}.Debug|Any CPU.Build.0 = Debug|Any CPU
		{5382D150-9896-44F7-A1A7-888172365686}.Release|Any CPU.ActiveCfg = Release|Any CPU
		{5382D150-9896-44F7-A1A7-888172365686}.Release|Any CPU.Build.0 = Release|Any CPU
		{3A91C401-489D-43CE-BF66-939362B16EBC}.Debug|Any CPU.ActiveCfg = Debug|Any CPU
		{3A91C401-489D-43CE-BF66-939362B16EBC}.Debug|Any CPU.Build.0 = Debug|Any CPU
		{3A91C401-489D-43CE-BF66-939362B16EBC}.Release|Any CPU.ActiveCfg = Release|Any CPU
		{3A91C401-489D-43CE-BF66-939362B16EBC}.Release|Any CPU.Build.0 = Release|Any CPU
	EndGlobalSection
	GlobalSection(SolutionProperties) = preSolution
		HideSolutionNode = FALSE
	EndGlobalSection
	GlobalSection(ExtensibilityGlobals) = postSolution
		SolutionGuid = {C469F67B-ECA9-4CE8-8890-E8B6816D4A7D}
	EndGlobalSection
EndGlobal
